
Microsoft Visual Studio Solution File, Format Version 12.00
# Visual Studio Version 16
VisualStudioVersion = 16.0.31613.86
MinimumVisualStudioVersion = 10.0.40219.1
Project("{D954291E-2A0B-460D-934E-DC6B0785DB48}") = "Tetra.Shared", "Tetra.Shared\Tetra.Shared.shproj", "{CF3A3484-DA60-4FAF-A10B-43F5C42A54E5}"
EndProject
Project("{FAE04EC0-301F-11D3-BF4B-00C04F79EFBC}") = "App.Desktop", "App.Desktop\App.Desktop.csproj", "{E945DF83-9835-4048-B07E-FEFDDD250639}"
EndProject
Project("{FAE04EC0-301F-11D3-BF4B-00C04F79EFBC}") = "Tetra.Core", "Tetra.Core\Tetra.Core.csproj", "{5948F17D-D2D7-4BA6-AA75-B8EBDF2EB1B9}"
EndProject
Global
	GlobalSection(SharedMSBuildProjectFiles) = preSolution
		Tetra.Shared\Tetra.Shared.projitems*{cf3a3484-da60-4faf-a10b-43f5c42a54e5}*SharedItemsImports = 13
	EndGlobalSection
	GlobalSection(SolutionConfigurationPlatforms) = preSolution
		Debug|Any CPU = Debug|Any CPU
		Release|Any CPU = Release|Any CPU
	EndGlobalSection
	GlobalSection(ProjectConfigurationPlatforms) = postSolution
		{E945DF83-9835-4048-B07E-FEFDDD250639}.Debug|Any CPU.ActiveCfg = Debug|Any CPU
		{E945DF83-9835-4048-B07E-FEFDDD250639}.Debug|Any CPU.Build.0 = Debug|Any CPU
		{E945DF83-9835-4048-B07E-FEFDDD250639}.Release|Any CPU.ActiveCfg = Release|Any CPU
		{E945DF83-9835-4048-B07E-FEFDDD250639}.Release|Any CPU.Build.0 = Release|Any CPU
		{5948F17D-D2D7-4BA6-AA75-B8EBDF2EB1B9}.Debug|Any CPU.ActiveCfg = Debug|Any CPU
		{5948F17D-D2D7-4BA6-AA75-B8EBDF2EB1B9}.Debug|Any CPU.Build.0 = Debug|Any CPU
		{5948F17D-D2D7-4BA6-AA75-B8EBDF2EB1B9}.Release|Any CPU.ActiveCfg = Release|Any CPU
		{5948F17D-D2D7-4BA6-AA75-B8EBDF2EB1B9}.Release|Any CPU.Build.0 = Release|Any CPU
	EndGlobalSection
	GlobalSection(SolutionProperties) = preSolution
		HideSolutionNode = FALSE
	EndGlobalSection
	GlobalSection(ExtensibilityGlobals) = postSolution
		SolutionGuid = {2F28A00D-DF22-4609-9B4D-312338A76BD7}
	EndGlobalSection
EndGlobal
